
Microsoft Visual Studio Solution File, Format Version 12.00
# Visual Studio Version 17
VisualStudioVersion = 17.3.32819.101
MinimumVisualStudioVersion = 10.0.40219.1
Project("{8BC9CEB8-8B4A-11D0-8D11-00A0C91BC942}") = "Pounds", "ConsoleApplication1.vcxproj", "{94C0DFBE-85A3-49F2-B6CD-A1B3891BC5F3}"
EndProject
Project("{8BC9CEB8-8B4A-11D0-8D11-00A0C91BC942}") = "Format", "Format\Format.vcxproj", "{0D784109-6BE2-4013-A9DA-26CE80B1C2CE}"
EndProject
Project("{8BC9CEB8-8B4A-11D0-8D11-00A0C91BC942}") = "FractionalCalc", "FractionalCalc\FractionalCalc.vcxproj", "{BDC5E72D-94C6-4619-81B9-1356407A3B0C}"
EndProject
Project("{8BC9CEB8-8B4A-11D0-8D11-00A0C91BC942}") = "FractionsSum", "FractionsSum\FractionsSum.vcxproj", "{A3B526AE-9DB0-477C-ADF2-3A162F0FB090}"
EndProject
Project("{8BC9CEB8-8B4A-11D0-8D11-00A0C91BC942}") = "MoneyAmount", "MoneyAmount\MoneyAmount.vcxproj", "{29D2CA96-0318-4F09-9D1A-016B4626EA23}"
EndProject
Project("{8BC9CEB8-8B4A-11D0-8D11-00A0C91BC942}") = "Origin", "Origin\Origin.vcxproj", "{AF757B5D-E8E1-4A60-90F0-A063D0B92A8F}"
EndProject
Project("{8BC9CEB8-8B4A-11D0-8D11-00A0C91BC942}") = "Partitions", "Partitions\Partitions.vcxproj", "{B30AC975-017C-428D-A89F-2DA4AD5C15A7}"
EndProject
Project("{8BC9CEB8-8B4A-11D0-8D11-00A0C91BC942}") = "PoundsReverse", "PoundsReverse\PoundsReverse.vcxproj", "{6A471326-ABDE-48CC-BBD2-986D752E23BB}"
EndProject
Project("{8BC9CEB8-8B4A-11D0-8D11-00A0C91BC942}") = "LeviGin", "LeviGin\LeviGin.vcxproj", "{781436F5-2FCF-40A2-9ACC-F2C30604C172}"
EndProject
Project("{8BC9CEB8-8B4A-11D0-8D11-00A0C91BC942}") = "CBasicsHW5", "CBasicsHW5\CBasicsHW5.vcxproj", "{2C59D499-381B-43D8-9908-D55C7C1BD176}"
EndProject
Project("{8BC9CEB8-8B4A-11D0-8D11-00A0C91BC942}") = "CBasicsHW6", "CBasicsHW6\CBasicsHW6.vcxproj", "{79371435-9ADD-45E6-B6C5-480583825FA3}"
EndProject
Project("{8BC9CEB8-8B4A-11D0-8D11-00A0C91BC942}") = "CArraysHomeWork1", "CArraysHomeWork1\HomeWork1.vcxproj", "{55B18E23-3834-4247-A454-8350B01DE088}"
EndProject
Project("{8BC9CEB8-8B4A-11D0-8D11-00A0C91BC942}") = "CArraysHomeWork2", "CArraysHomeWork2\Task3CircularBuffer.vcxproj", "{9B980DCD-D4BD-4961-890F-FD7D0B53B655}"
EndProject
Project("{8BC9CEB8-8B4A-11D0-8D11-00A0C91BC942}") = "CBasicsHW7", "CBasicsHW7\CBasicsHW7.vcxproj", "{0F224C8F-BEF0-4011-A2A3-28ADA3706D69}"
EndProject
Project("{8BC9CEB8-8B4A-11D0-8D11-00A0C91BC942}") = "CBasicsHW8", "CBasicsHW8\CBasicsHW8.vcxproj", "{9CE9010D-90A4-4A6F-8903-B117CF0EDF3E}"
EndProject
Project("{8BC9CEB8-8B4A-11D0-8D11-00A0C91BC942}") = "CBasicsHW9", "CBasicsHW9\CBasicsHW9.vcxproj", "{BDD1FCF5-4320-4CD7-A1DD-F1C350C51521}"
EndProject
Project("{8BC9CEB8-8B4A-11D0-8D11-00A0C91BC942}") = "CArraysHomeWork3", "CArraysHomeWork3\CArraysHomeWork3.vcxproj", "{F746D70A-5CB2-4F39-8E2F-C7255BE4452C}"
EndProject
Global
	GlobalSection(SolutionConfigurationPlatforms) = preSolution
		Debug|x64 = Debug|x64
		Debug|x86 = Debug|x86
		Release|x64 = Release|x64
		Release|x86 = Release|x86
	EndGlobalSection
	GlobalSection(ProjectConfigurationPlatforms) = postSolution
		{94C0DFBE-85A3-49F2-B6CD-A1B3891BC5F3}.Debug|x64.ActiveCfg = Debug|x64
		{94C0DFBE-85A3-49F2-B6CD-A1B3891BC5F3}.Debug|x64.Build.0 = Debug|x64
		{94C0DFBE-85A3-49F2-B6CD-A1B3891BC5F3}.Debug|x86.ActiveCfg = Debug|Win32
		{94C0DFBE-85A3-49F2-B6CD-A1B3891BC5F3}.Debug|x86.Build.0 = Debug|Win32
		{94C0DFBE-85A3-49F2-B6CD-A1B3891BC5F3}.Release|x64.ActiveCfg = Release|x64
		{94C0DFBE-85A3-49F2-B6CD-A1B3891BC5F3}.Release|x64.Build.0 = Release|x64
		{94C0DFBE-85A3-49F2-B6CD-A1B3891BC5F3}.Release|x86.ActiveCfg = Release|Win32
		{94C0DFBE-85A3-49F2-B6CD-A1B3891BC5F3}.Release|x86.Build.0 = Release|Win32
		{0D784109-6BE2-4013-A9DA-26CE80B1C2CE}.Debug|x64.ActiveCfg = Debug|x64
		{0D784109-6BE2-4013-A9DA-26CE80B1C2CE}.Debug|x64.Build.0 = Debug|x64
		{0D784109-6BE2-4013-A9DA-26CE80B1C2CE}.Debug|x86.ActiveCfg = Debug|Win32
		{0D784109-6BE2-4013-A9DA-26CE80B1C2CE}.Debug|x86.Build.0 = Debug|Win32
		{0D784109-6BE2-4013-A9DA-26CE80B1C2CE}.Release|x64.ActiveCfg = Release|x64
		{0D784109-6BE2-4013-A9DA-26CE80B1C2CE}.Release|x64.Build.0 = Release|x64
		{0D784109-6BE2-4013-A9DA-26CE80B1C2CE}.Release|x86.ActiveCfg = Release|Win32
		{0D784109-6BE2-4013-A9DA-26CE80B1C2CE}.Release|x86.Build.0 = Release|Win32
		{BDC5E72D-94C6-4619-81B9-1356407A3B0C}.Debug|x64.ActiveCfg = Debug|x64
		{BDC5E72D-94C6-4619-81B9-1356407A3B0C}.Debug|x64.Build.0 = Debug|x64
		{BDC5E72D-94C6-4619-81B9-1356407A3B0C}.Debug|x86.ActiveCfg = Debug|Win32
		{BDC5E72D-94C6-4619-81B9-1356407A3B0C}.Debug|x86.Build.0 = Debug|Win32
		{BDC5E72D-94C6-4619-81B9-1356407A3B0C}.Release|x64.ActiveCfg = Release|x64
		{BDC5E72D-94C6-4619-81B9-1356407A3B0C}.Release|x64.Build.0 = Release|x64
		{BDC5E72D-94C6-4619-81B9-1356407A3B0C}.Release|x86.ActiveCfg = Release|Win32
		{BDC5E72D-94C6-4619-81B9-1356407A3B0C}.Release|x86.Build.0 = Release|Win32
		{A3B526AE-9DB0-477C-ADF2-3A162F0FB090}.Debug|x64.ActiveCfg = Debug|x64
		{A3B526AE-9DB0-477C-ADF2-3A162F0FB090}.Debug|x64.Build.0 = Debug|x64
		{A3B526AE-9DB0-477C-ADF2-3A162F0FB090}.Debug|x86.ActiveCfg = Debug|Win32
		{A3B526AE-9DB0-477C-ADF2-3A162F0FB090}.Debug|x86.Build.0 = Debug|Win32
		{A3B526AE-9DB0-477C-ADF2-3A162F0FB090}.Release|x64.ActiveCfg = Release|x64
		{A3B526AE-9DB0-477C-ADF2-3A162F0FB090}.Release|x64.Build.0 = Release|x64
		{A3B526AE-9DB0-477C-ADF2-3A162F0FB090}.Release|x86.ActiveCfg = Release|Win32
		{A3B526AE-9DB0-477C-ADF2-3A162F0FB090}.Release|x86.Build.0 = Release|Win32
		{29D2CA96-0318-4F09-9D1A-016B4626EA23}.Debug|x64.ActiveCfg = Debug|x64
		{29D2CA96-0318-4F09-9D1A-016B4626EA23}.Debug|x64.Build.0 = Debug|x64
		{29D2CA96-0318-4F09-9D1A-016B4626EA23}.Debug|x86.ActiveCfg = Debug|Win32
		{29D2CA96-0318-4F09-9D1A-016B4626EA23}.Debug|x86.Build.0 = Debug|Win32
		{29D2CA96-0318-4F09-9D1A-016B4626EA23}.Release|x64.ActiveCfg = Release|x64
		{29D2CA96-0318-4F09-9D1A-016B4626EA23}.Release|x64.Build.0 = Release|x64
		{29D2CA96-0318-4F09-9D1A-016B4626EA23}.Release|x86.ActiveCfg = Release|Win32
		{29D2CA96-0318-4F09-9D1A-016B4626EA23}.Release|x86.Build.0 = Release|Win32
		{AF757B5D-E8E1-4A60-90F0-A063D0B92A8F}.Debug|x64.ActiveCfg = Debug|x64
		{AF757B5D-E8E1-4A60-90F0-A063D0B92A8F}.Debug|x64.Build.0 = Debug|x64
		{AF757B5D-E8E1-4A60-90F0-A063D0B92A8F}.Debug|x86.ActiveCfg = Debug|Win32
		{AF757B5D-E8E1-4A60-90F0-A063D0B92A8F}.Debug|x86.Build.0 = Debug|Win32
		{AF757B5D-E8E1-4A60-90F0-A063D0B92A8F}.Release|x64.ActiveCfg = Release|x64
		{AF757B5D-E8E1-4A60-90F0-A063D0B92A8F}.Release|x64.Build.0 = Release|x64
		{AF757B5D-E8E1-4A60-90F0-A063D0B92A8F}.Release|x86.ActiveCfg = Release|Win32
		{AF757B5D-E8E1-4A60-90F0-A063D0B92A8F}.Release|x86.Build.0 = Release|Win32
		{B30AC975-017C-428D-A89F-2DA4AD5C15A7}.Debug|x64.ActiveCfg = Debug|x64
		{B30AC975-017C-428D-A89F-2DA4AD5C15A7}.Debug|x64.Build.0 = Debug|x64
		{B30AC975-017C-428D-A89F-2DA4AD5C15A7}.Debug|x86.ActiveCfg = Debug|Win32
		{B30AC975-017C-428D-A89F-2DA4AD5C15A7}.Debug|x86.Build.0 = Debug|Win32
		{B30AC975-017C-428D-A89F-2DA4AD5C15A7}.Release|x64.ActiveCfg = Release|x64
		{B30AC975-017C-428D-A89F-2DA4AD5C15A7}.Release|x64.Build.0 = Release|x64
		{B30AC975-017C-428D-A89F-2DA4AD5C15A7}.Release|x86.ActiveCfg = Release|Win32
		{B30AC975-017C-428D-A89F-2DA4AD5C15A7}.Release|x86.Build.0 = Release|Win32
		{6A471326-ABDE-48CC-BBD2-986D752E23BB}.Debug|x64.ActiveCfg = Debug|x64
		{6A471326-ABDE-48CC-BBD2-986D752E23BB}.Debug|x64.Build.0 = Debug|x64
		{6A471326-ABDE-48CC-BBD2-986D752E23BB}.Debug|x86.ActiveCfg = Debug|Win32
		{6A471326-ABDE-48CC-BBD2-986D752E23BB}.Debug|x86.Build.0 = Debug|Win32
		{6A471326-ABDE-48CC-BBD2-986D752E23BB}.Release|x64.ActiveCfg = Release|x64
		{6A471326-ABDE-48CC-BBD2-986D752E23BB}.Release|x64.Build.0 = Release|x64
		{6A471326-ABDE-48CC-BBD2-986D752E23BB}.Release|x86.ActiveCfg = Release|Win32
		{6A471326-ABDE-48CC-BBD2-986D752E23BB}.Release|x86.Build.0 = Release|Win32
		{781436F5-2FCF-40A2-9ACC-F2C30604C172}.Debug|x64.ActiveCfg = Debug|x64
		{781436F5-2FCF-40A2-9ACC-F2C30604C172}.Debug|x64.Build.0 = Debug|x64
		{781436F5-2FCF-40A2-9ACC-F2C30604C172}.Debug|x86.ActiveCfg = Debug|Win32
		{781436F5-2FCF-40A2-9ACC-F2C30604C172}.Debug|x86.Build.0 = Debug|Win32
		{781436F5-2FCF-40A2-9ACC-F2C30604C172}.Release|x64.ActiveCfg = Release|x64
		{781436F5-2FCF-40A2-9ACC-F2C30604C172}.Release|x64.Build.0 = Release|x64
		{781436F5-2FCF-40A2-9ACC-F2C30604C172}.Release|x86.ActiveCfg = Release|Win32
		{781436F5-2FCF-40A2-9ACC-F2C30604C172}.Release|x86.Build.0 = Release|Win32
		{2C59D499-381B-43D8-9908-D55C7C1BD176}.Debug|x64.ActiveCfg = Debug|x64
		{2C59D499-381B-43D8-9908-D55C7C1BD176}.Debug|x64.Build.0 = Debug|x64
		{2C59D499-381B-43D8-9908-D55C7C1BD176}.Debug|x86.ActiveCfg = Debug|Win32
		{2C59D499-381B-43D8-9908-D55C7C1BD176}.Debug|x86.Build.0 = Debug|Win32
		{2C59D499-381B-43D8-9908-D55C7C1BD176}.Release|x64.ActiveCfg = Release|x64
		{2C59D499-381B-43D8-9908-D55C7C1BD176}.Release|x64.Build.0 = Release|x64
		{2C59D499-381B-43D8-9908-D55C7C1BD176}.Release|x86.ActiveCfg = Release|Win32
		{2C59D499-381B-43D8-9908-D55C7C1BD176}.Release|x86.Build.0 = Release|Win32
		{79371435-9ADD-45E6-B6C5-480583825FA3}.Debug|x64.ActiveCfg = Debug|x64
		{79371435-9ADD-45E6-B6C5-480583825FA3}.Debug|x64.Build.0 = Debug|x64
		{79371435-9ADD-45E6-B6C5-480583825FA3}.Debug|x86.ActiveCfg = Debug|Win32
		{79371435-9ADD-45E6-B6C5-480583825FA3}.Debug|x86.Build.0 = Debug|Win32
		{79371435-9ADD-45E6-B6C5-480583825FA3}.Release|x64.ActiveCfg = Release|x64
		{79371435-9ADD-45E6-B6C5-480583825FA3}.Release|x64.Build.0 = Release|x64
		{79371435-9ADD-45E6-B6C5-480583825FA3}.Release|x86.ActiveCfg = Release|Win32
		{79371435-9ADD-45E6-B6C5-480583825FA3}.Release|x86.Build.0 = Release|Win32
		{55B18E23-3834-4247-A454-8350B01DE088}.Debug|x64.ActiveCfg = Debug|x64
		{55B18E23-3834-4247-A454-8350B01DE088}.Debug|x64.Build.0 = Debug|x64
		{55B18E23-3834-4247-A454-8350B01DE088}.Debug|x86.ActiveCfg = Debug|Win32
		{55B18E23-3834-4247-A454-8350B01DE088}.Debug|x86.Build.0 = Debug|Win32
		{55B18E23-3834-4247-A454-8350B01DE088}.Release|x64.ActiveCfg = Release|x64
		{55B18E23-3834-4247-A454-8350B01DE088}.Release|x64.Build.0 = Release|x64
		{55B18E23-3834-4247-A454-8350B01DE088}.Release|x86.ActiveCfg = Release|Win32
		{55B18E23-3834-4247-A454-8350B01DE088}.Release|x86.Build.0 = Release|Win32
		{9B980DCD-D4BD-4961-890F-FD7D0B53B655}.Debug|x64.ActiveCfg = Debug|x64
		{9B980DCD-D4BD-4961-890F-FD7D0B53B655}.Debug|x64.Build.0 = Debug|x64
		{9B980DCD-D4BD-4961-890F-FD7D0B53B655}.Debug|x86.ActiveCfg = Debug|Win32
		{9B980DCD-D4BD-4961-890F-FD7D0B53B655}.Debug|x86.Build.0 = Debug|Win32
		{9B980DCD-D4BD-4961-890F-FD7D0B53B655}.Release|x64.ActiveCfg = Release|x64
		{9B980DCD-D4BD-4961-890F-FD7D0B53B655}.Release|x64.Build.0 = Release|x64
		{9B980DCD-D4BD-4961-890F-FD7D0B53B655}.Release|x86.ActiveCfg = Release|Win32
		{9B980DCD-D4BD-4961-890F-FD7D0B53B655}.Release|x86.Build.0 = Release|Win32
		{0F224C8F-BEF0-4011-A2A3-28ADA3706D69}.Debug|x64.ActiveCfg = Debug|x64
		{0F224C8F-BEF0-4011-A2A3-28ADA3706D69}.Debug|x64.Build.0 = Debug|x64
		{0F224C8F-BEF0-4011-A2A3-28ADA3706D69}.Debug|x86.ActiveCfg = Debug|Win32
		{0F224C8F-BEF0-4011-A2A3-28ADA3706D69}.Debug|x86.Build.0 = Debug|Win32
		{0F224C8F-BEF0-4011-A2A3-28ADA3706D69}.Release|x64.ActiveCfg = Release|x64
		{0F224C8F-BEF0-4011-A2A3-28ADA3706D69}.Release|x64.Build.0 = Release|x64
		{0F224C8F-BEF0-4011-A2A3-28ADA3706D69}.Release|x86.ActiveCfg = Release|Win32
		{0F224C8F-BEF0-4011-A2A3-28ADA3706D69}.Release|x86.Build.0 = Release|Win32
		{9CE9010D-90A4-4A6F-8903-B117CF0EDF3E}.Debug|x64.ActiveCfg = Debug|x64
		{9CE9010D-90A4-4A6F-8903-B117CF0EDF3E}.Debug|x64.Build.0 = Debug|x64
		{9CE9010D-90A4-4A6F-8903-B117CF0EDF3E}.Debug|x86.ActiveCfg = Debug|Win32
		{9CE9010D-90A4-4A6F-8903-B117CF0EDF3E}.Debug|x86.Build.0 = Debug|Win32
		{9CE9010D-90A4-4A6F-8903-B117CF0EDF3E}.Release|x64.ActiveCfg = Release|x64
		{9CE9010D-90A4-4A6F-8903-B117CF0EDF3E}.Release|x64.Build.0 = Release|x64
		{9CE9010D-90A4-4A6F-8903-B117CF0EDF3E}.Release|x86.ActiveCfg = Release|Win32
		{9CE9010D-90A4-4A6F-8903-B117CF0EDF3E}.Release|x86.Build.0 = Release|Win32
		{BDD1FCF5-4320-4CD7-A1DD-F1C350C51521}.Debug|x64.ActiveCfg = Debug|x64
		{BDD1FCF5-4320-4CD7-A1DD-F1C350C51521}.Debug|x64.Build.0 = Debug|x64
		{BDD1FCF5-4320-4CD7-A1DD-F1C350C51521}.Debug|x86.ActiveCfg = Debug|Win32
		{BDD1FCF5-4320-4CD7-A1DD-F1C350C51521}.Debug|x86.Build.0 = Debug|Win32
		{BDD1FCF5-4320-4CD7-A1DD-F1C350C51521}.Release|x64.ActiveCfg = Release|x64
		{BDD1FCF5-4320-4CD7-A1DD-F1C350C51521}.Release|x64.Build.0 = Release|x64
		{BDD1FCF5-4320-4CD7-A1DD-F1C350C51521}.Release|x86.ActiveCfg = Release|Win32
		{BDD1FCF5-4320-4CD7-A1DD-F1C350C51521}.Release|x86.Build.0 = Release|Win32
		{F746D70A-5CB2-4F39-8E2F-C7255BE4452C}.Debug|x64.ActiveCfg = Debug|x64
		{F746D70A-5CB2-4F39-8E2F-C7255BE4452C}.Debug|x64.Build.0 = Debug|x64
		{F746D70A-5CB2-4F39-8E2F-C7255BE4452C}.Debug|x86.ActiveCfg = Debug|Win32
		{F746D70A-5CB2-4F39-8E2F-C7255BE4452C}.Debug|x86.Build.0 = Debug|Win32
		{F746D70A-5CB2-4F39-8E2F-C7255BE4452C}.Release|x64.ActiveCfg = Release|x64
		{F746D70A-5CB2-4F39-8E2F-C7255BE4452C}.Release|x64.Build.0 = Release|x64
		{F746D70A-5CB2-4F39-8E2F-C7255BE4452C}.Release|x86.ActiveCfg = Release|Win32
		{F746D70A-5CB2-4F39-8E2F-C7255BE4452C}.Release|x86.Build.0 = Release|Win32
	EndGlobalSection
	GlobalSection(SolutionProperties) = preSolution
		HideSolutionNode = FALSE
	EndGlobalSection
	GlobalSection(ExtensibilityGlobals) = postSolution
		SolutionGuid = {36926178-FD65-4D1B-A552-192B167CEBD0}
	EndGlobalSection
EndGlobal
